
Microsoft Visual Studio Solution File, Format Version 12.00
# Visual Studio Version 16
VisualStudioVersion = 16.0.29503.13
MinimumVisualStudioVersion = 10.0.40219.1
Project("{FAE04EC0-301F-11D3-BF4B-00C04F79EFBC}") = "LocadoraFilmes", "LocadoraFilmes\LocadoraFilmes.csproj", "{827158D3-B9C6-4B4C-8397-6894C654CBC8}"
EndProject
Global
	GlobalSection(SolutionConfigurationPlatforms) = preSolution
		Debug|Any CPU = Debug|Any CPU
		Release|Any CPU = Release|Any CPU
	EndGlobalSection
	GlobalSection(ProjectConfigurationPlatforms) = postSolution
		{827158D3-B9C6-4B4C-8397-6894C654CBC8}.Debug|Any CPU.ActiveCfg = Debug|Any CPU
		{827158D3-B9C6-4B4C-8397-6894C654CBC8}.Debug|Any CPU.Build.0 = Debug|Any CPU
		{827158D3-B9C6-4B4C-8397-6894C654CBC8}.Release|Any CPU.ActiveCfg = Release|Any CPU
		{827158D3-B9C6-4B4C-8397-6894C654CBC8}.Release|Any CPU.Build.0 = Release|Any CPU
	EndGlobalSection
	GlobalSection(SolutionProperties) = preSolution
		HideSolutionNode = FALSE
	EndGlobalSection
	GlobalSection(ExtensibilityGlobals) = postSolution
		SolutionGuid = {C6E9F336-980E-4458-B3E3-42B46345F082}
	EndGlobalSection
EndGlobal
